
Microsoft Visual Studio Solution File, Format Version 12.00
Project("{FAE04EC0-301F-11D3-BF4B-00C04F79EFBC}") = "End", "End\End.csproj", "{FBBB7AD0-693A-48F8-BF12-A1DD008DDD2D}"
EndProject
Global
	GlobalSection(SolutionConfigurationPlatforms) = preSolution
		Debug|Any CPU = Debug|Any CPU
		Release|Any CPU = Release|Any CPU
	EndGlobalSection
	GlobalSection(ProjectConfigurationPlatforms) = postSolution
		{FBBB7AD0-693A-48F8-BF12-A1DD008DDD2D}.Debug|Any CPU.ActiveCfg = Debug|Any CPU
		{FBBB7AD0-693A-48F8-BF12-A1DD008DDD2D}.Debug|Any CPU.Build.0 = Debug|Any CPU
		{FBBB7AD0-693A-48F8-BF12-A1DD008DDD2D}.Release|Any CPU.ActiveCfg = Release|Any CPU
		{FBBB7AD0-693A-48F8-BF12-A1DD008DDD2D}.Release|Any CPU.Build.0 = Release|Any CPU
	EndGlobalSection
EndGlobal
